
Microsoft Visual Studio Solution File, Format Version 12.00
# Visual Studio 15
VisualStudioVersion = 15.0.26730.15
MinimumVisualStudioVersion = 10.0.40219.1
Project("{FAE04EC0-301F-11D3-BF4B-00C04F79EFBC}") = "SoThuXaiGon", "SoThuXaiGon\SoThuXaiGon.csproj", "{99DF35F2-6608-4712-A473-A5C5A7D319C4}"
EndProject
Global
	GlobalSection(SolutionConfigurationPlatforms) = preSolution
		Debug|Any CPU = Debug|Any CPU
		Release|Any CPU = Release|Any CPU
	EndGlobalSection
	GlobalSection(ProjectConfigurationPlatforms) = postSolution
		{99DF35F2-6608-4712-A473-A5C5A7D319C4}.Debug|Any CPU.ActiveCfg = Debug|Any CPU
		{99DF35F2-6608-4712-A473-A5C5A7D319C4}.Debug|Any CPU.Build.0 = Debug|Any CPU
		{99DF35F2-6608-4712-A473-A5C5A7D319C4}.Release|Any CPU.ActiveCfg = Release|Any CPU
		{99DF35F2-6608-4712-A473-A5C5A7D319C4}.Release|Any CPU.Build.0 = Release|Any CPU
	EndGlobalSection
	GlobalSection(SolutionProperties) = preSolution
		HideSolutionNode = FALSE
	EndGlobalSection
	GlobalSection(ExtensibilityGlobals) = postSolution
		SolutionGuid = {A1B31EAD-68CD-4705-8301-9149717A157E}
	EndGlobalSection
EndGlobal
